// !$*UTF8*$!
{
	archiveVersion = 1;
	classes = {
	};
	objectVersion = 50;
	objects = {

/* Begin PBXBuildFile section */
		30125CB7224460DF00D04FBF /* style.json in Resources */ = {isa = PBXBuildFile; fileRef = 30125CB6224460DF00D04FBF /* style.json */; };
		30125CB9224468B900D04FBF /* CreatePartyController.swift in Sources */ = {isa = PBXBuildFile; fileRef = 30125CB8224468B900D04FBF /* CreatePartyController.swift */; };
		302F8A442240123C00DEB42B /* Map.swift in Sources */ = {isa = PBXBuildFile; fileRef = 302F8A432240123C00DEB42B /* Map.swift */; };
		303F6C6A222E15710072BB47 /* Pods_AppOne.framework in Frameworks */ = {isa = PBXBuildFile; fileRef = ED23EECAB8A0081F50B63AE5 /* Pods_AppOne.framework */; };
		303F6C70222E21F80072BB47 /* AfterLogin.swift in Sources */ = {isa = PBXBuildFile; fileRef = 303F6C6F222E21F80072BB47 /* AfterLogin.swift */; };
		3065ABEA22485F8A0034BE03 /* DateController.swift in Sources */ = {isa = PBXBuildFile; fileRef = 3065ABE922485F8A0034BE03 /* DateController.swift */; };
		3065ABEC2248637A0034BE03 /* NewPartyDetailsController.swift in Sources */ = {isa = PBXBuildFile; fileRef = 3065ABEB2248637A0034BE03 /* NewPartyDetailsController.swift */; };
		307C58C8223AE693004BE957 /* GoogleService-Info.plist in Resources */ = {isa = PBXBuildFile; fileRef = 307C58C7223AE693004BE957 /* GoogleService-Info.plist */; };
		308E0046226021AA007C043C /* Signika-Light.ttf in Resources */ = {isa = PBXBuildFile; fileRef = 308E003D226021AA007C043C /* Signika-Light.ttf */; };
		308E0047226021AA007C043C /* SignikaNegative-Bold.ttf in Resources */ = {isa = PBXBuildFile; fileRef = 308E003E226021AA007C043C /* SignikaNegative-Bold.ttf */; };
		308E0048226021AA007C043C /* Signika-Regular.ttf in Resources */ = {isa = PBXBuildFile; fileRef = 308E003F226021AA007C043C /* Signika-Regular.ttf */; };
		308E0049226021AA007C043C /* SignikaNegative-Semibold.ttf in Resources */ = {isa = PBXBuildFile; fileRef = 308E0040226021AA007C043C /* SignikaNegative-Semibold.ttf */; };
		308E004A226021AA007C043C /* Signika-Semibold.ttf in Resources */ = {isa = PBXBuildFile; fileRef = 308E0041226021AA007C043C /* Signika-Semibold.ttf */; };
		308E004B226021AA007C043C /* OFL.txt in Resources */ = {isa = PBXBuildFile; fileRef = 308E0042226021AA007C043C /* OFL.txt */; };
		308E004C226021AA007C043C /* SignikaNegative-Regular.ttf in Resources */ = {isa = PBXBuildFile; fileRef = 308E0043226021AA007C043C /* SignikaNegative-Regular.ttf */; };
		308E004D226021AA007C043C /* Signika-Bold.ttf in Resources */ = {isa = PBXBuildFile; fileRef = 308E0044226021AA007C043C /* Signika-Bold.ttf */; };
		308E004E226021AA007C043C /* SignikaNegative-Light.ttf in Resources */ = {isa = PBXBuildFile; fileRef = 308E0045226021AA007C043C /* SignikaNegative-Light.ttf */; };
		30A84DA2222DFFF900FE0E55 /* AppDelegate.swift in Sources */ = {isa = PBXBuildFile; fileRef = 30A84DA1222DFFF900FE0E55 /* AppDelegate.swift */; };
		30A84DA4222DFFF900FE0E55 /* ViewController.swift in Sources */ = {isa = PBXBuildFile; fileRef = 30A84DA3222DFFF900FE0E55 /* ViewController.swift */; };
		30A84DA7222DFFF900FE0E55 /* Main.storyboard in Resources */ = {isa = PBXBuildFile; fileRef = 30A84DA5222DFFF900FE0E55 /* Main.storyboard */; };
		30A84DAC222DFFFB00FE0E55 /* Assets.xcassets in Resources */ = {isa = PBXBuildFile; fileRef = 30A84DAB222DFFFB00FE0E55 /* Assets.xcassets */; };
		30A84DAF222DFFFB00FE0E55 /* LaunchScreen.storyboard in Resources */ = {isa = PBXBuildFile; fileRef = 30A84DAD222DFFFB00FE0E55 /* LaunchScreen.storyboard */; };
		30D81075225A70A00072B9E7 /* UserSettingsController.swift in Sources */ = {isa = PBXBuildFile; fileRef = 30D81074225A70A00072B9E7 /* UserSettingsController.swift */; };
/* End PBXBuildFile section */

/* Begin PBXFileReference section */
		30125CB6224460DF00D04FBF /* style.json */ = {isa = PBXFileReference; lastKnownFileType = text.json; path = style.json; sourceTree = "<group>"; };
		30125CB8224468B900D04FBF /* CreatePartyController.swift */ = {isa = PBXFileReference; lastKnownFileType = sourcecode.swift; path = CreatePartyController.swift; sourceTree = "<group>"; };
		302F8A432240123C00DEB42B /* Map.swift */ = {isa = PBXFileReference; lastKnownFileType = sourcecode.swift; path = Map.swift; sourceTree = "<group>"; };
		303F6C66222E15620072BB47 /* SCSDKCoreKit.framework */ = {isa = PBXFileReference; lastKnownFileType = wrapper.framework; name = SCSDKCoreKit.framework; path = Pods/SnapSDK/SCSDKCoreKit.framework; sourceTree = "<group>"; };
		303F6C6C222E15940072BB47 /* SCSDKLoginKit.framework */ = {isa = PBXFileReference; lastKnownFileType = wrapper.framework; name = SCSDKLoginKit.framework; path = Pods/SnapSDK/SCSDKLoginKit.framework; sourceTree = "<group>"; };
		303F6C6F222E21F80072BB47 /* AfterLogin.swift */ = {isa = PBXFileReference; lastKnownFileType = sourcecode.swift; path = AfterLogin.swift; sourceTree = "<group>"; };
		3065ABE922485F8A0034BE03 /* DateController.swift */ = {isa = PBXFileReference; lastKnownFileType = sourcecode.swift; path = DateController.swift; sourceTree = "<group>"; };
		3065ABEB2248637A0034BE03 /* NewPartyDetailsController.swift */ = {isa = PBXFileReference; lastKnownFileType = sourcecode.swift; path = NewPartyDetailsController.swift; sourceTree = "<group>"; };
		307C58C7223AE693004BE957 /* GoogleService-Info.plist */ = {isa = PBXFileReference; fileEncoding = 4; lastKnownFileType = text.plist.xml; path = "GoogleService-Info.plist"; sourceTree = "<group>"; };
		308E003D226021AA007C043C /* Signika-Light.ttf */ = {isa = PBXFileReference; lastKnownFileType = file; path = "Signika-Light.ttf"; sourceTree = "<group>"; };
		308E003E226021AA007C043C /* SignikaNegative-Bold.ttf */ = {isa = PBXFileReference; lastKnownFileType = file; path = "SignikaNegative-Bold.ttf"; sourceTree = "<group>"; };
		308E003F226021AA007C043C /* Signika-Regular.ttf */ = {isa = PBXFileReference; lastKnownFileType = file; path = "Signika-Regular.ttf"; sourceTree = "<group>"; };
		308E0040226021AA007C043C /* SignikaNegative-Semibold.ttf */ = {isa = PBXFileReference; lastKnownFileType = file; path = "SignikaNegative-Semibold.ttf"; sourceTree = "<group>"; };
		308E0041226021AA007C043C /* Signika-Semibold.ttf */ = {isa = PBXFileReference; lastKnownFileType = file; path = "Signika-Semibold.ttf"; sourceTree = "<group>"; };
		308E0042226021AA007C043C /* OFL.txt */ = {isa = PBXFileReference; fileEncoding = 4; lastKnownFileType = text; path = OFL.txt; sourceTree = "<group>"; };
		308E0043226021AA007C043C /* SignikaNegative-Regular.ttf */ = {isa = PBXFileReference; lastKnownFileType = file; path = "SignikaNegative-Regular.ttf"; sourceTree = "<group>"; };
		308E0044226021AA007C043C /* Signika-Bold.ttf */ = {isa = PBXFileReference; lastKnownFileType = file; path = "Signika-Bold.ttf"; sourceTree = "<group>"; };
		308E0045226021AA007C043C /* SignikaNegative-Light.ttf */ = {isa = PBXFileReference; lastKnownFileType = file; path = "SignikaNegative-Light.ttf"; sourceTree = "<group>"; };
		30A84D9E222DFFF900FE0E55 /* AppOne.app */ = {isa = PBXFileReference; explicitFileType = wrapper.application; includeInIndex = 0; path = AppOne.app; sourceTree = BUILT_PRODUCTS_DIR; };
		30A84DA1222DFFF900FE0E55 /* AppDelegate.swift */ = {isa = PBXFileReference; lastKnownFileType = sourcecode.swift; path = AppDelegate.swift; sourceTree = "<group>"; };
		30A84DA3222DFFF900FE0E55 /* ViewController.swift */ = {isa = PBXFileReference; lastKnownFileType = sourcecode.swift; path = ViewController.swift; sourceTree = "<group>"; };
		30A84DA6222DFFF900FE0E55 /* Base */ = {isa = PBXFileReference; lastKnownFileType = file.storyboard; name = Base; path = Base.lproj/Main.storyboard; sourceTree = "<group>"; };
		30A84DAB222DFFFB00FE0E55 /* Assets.xcassets */ = {isa = PBXFileReference; lastKnownFileType = folder.assetcatalog; path = Assets.xcassets; sourceTree = "<group>"; };
		30A84DAE222DFFFB00FE0E55 /* Base */ = {isa = PBXFileReference; lastKnownFileType = file.storyboard; name = Base; path = Base.lproj/LaunchScreen.storyboard; sourceTree = "<group>"; };
		30D81074225A70A00072B9E7 /* UserSettingsController.swift */ = {isa = PBXFileReference; lastKnownFileType = sourcecode.swift; path = UserSettingsController.swift; sourceTree = "<group>"; };
		30FE711A2231B8E60017550D /* Info.plist */ = {isa = PBXFileReference; lastKnownFileType = text.plist.xml; name = Info.plist; path = /Users/davidlepore/Desktop/ProjectOne/AppOne/AppOne/Info.plist; sourceTree = "<absolute>"; };
		89D0CDFA1A96AAF95D20D0E9 /* Pods-AppOne.release.xcconfig */ = {isa = PBXFileReference; includeInIndex = 1; lastKnownFileType = text.xcconfig; name = "Pods-AppOne.release.xcconfig"; path = "Target Support Files/Pods-AppOne/Pods-AppOne.release.xcconfig"; sourceTree = "<group>"; };
		8AD49A0A97A976AA2B2F961E /* Pods-AppOne.debug.xcconfig */ = {isa = PBXFileReference; includeInIndex = 1; lastKnownFileType = text.xcconfig; name = "Pods-AppOne.debug.xcconfig"; path = "Target Support Files/Pods-AppOne/Pods-AppOne.debug.xcconfig"; sourceTree = "<group>"; };
		ED23EECAB8A0081F50B63AE5 /* Pods_AppOne.framework */ = {isa = PBXFileReference; explicitFileType = wrapper.framework; includeInIndex = 0; path = Pods_AppOne.framework; sourceTree = BUILT_PRODUCTS_DIR; };
/* End PBXFileReference section */

/* Begin PBXFrameworksBuildPhase section */
		30A84D9B222DFFF900FE0E55 /* Frameworks */ = {
			isa = PBXFrameworksBuildPhase;
			buildActionMask = 2147483647;
			files = (
				303F6C6A222E15710072BB47 /* Pods_AppOne.framework in Frameworks */,
			);
			runOnlyForDeploymentPostprocessing = 0;
		};
/* End PBXFrameworksBuildPhase section */

/* Begin PBXGroup section */
		30723078223AFBF000D0BD7D /* Controllers */ = {
			isa = PBXGroup;
			children = (
				30A84DA3222DFFF900FE0E55 /* ViewController.swift */,
				303F6C6F222E21F80072BB47 /* AfterLogin.swift */,
				302F8A432240123C00DEB42B /* Map.swift */,
				30125CB8224468B900D04FBF /* CreatePartyController.swift */,
				30D81074225A70A00072B9E7 /* UserSettingsController.swift */,
				3065ABEB2248637A0034BE03 /* NewPartyDetailsController.swift */,
				3065ABE922485F8A0034BE03 /* DateController.swift */,
			);
			path = Controllers;
			sourceTree = "<group>";
		};
		308E003C226021AA007C043C /* Signika */ = {
			isa = PBXGroup;
			children = (
				308E003D226021AA007C043C /* Signika-Light.ttf */,
				308E003E226021AA007C043C /* SignikaNegative-Bold.ttf */,
				308E003F226021AA007C043C /* Signika-Regular.ttf */,
				308E0040226021AA007C043C /* SignikaNegative-Semibold.ttf */,
				308E0041226021AA007C043C /* Signika-Semibold.ttf */,
				308E0042226021AA007C043C /* OFL.txt */,
				308E0043226021AA007C043C /* SignikaNegative-Regular.ttf */,
				308E0044226021AA007C043C /* Signika-Bold.ttf */,
				308E0045226021AA007C043C /* SignikaNegative-Light.ttf */,
			);
			path = Signika;
			sourceTree = "<group>";
		};
		30A84D95222DFFF900FE0E55 = {
			isa = PBXGroup;
			children = (
				303F6C6C222E15940072BB47 /* SCSDKLoginKit.framework */,
				303F6C66222E15620072BB47 /* SCSDKCoreKit.framework */,
				30A84DA0222DFFF900FE0E55 /* AppOne */,
				30A84D9F222DFFF900FE0E55 /* Products */,
				398F09728CF966A095C2067D /* Pods */,
				6F17DC969453E2151C1C5C33 /* Frameworks */,
			);
			sourceTree = "<group>";
		};
		30A84D9F222DFFF900FE0E55 /* Products */ = {
			isa = PBXGroup;
			children = (
				30A84D9E222DFFF900FE0E55 /* AppOne.app */,
			);
			name = Products;
			sourceTree = "<group>";
		};
		30A84DA0222DFFF900FE0E55 /* AppOne */ = {
			isa = PBXGroup;
			children = (
				308E003C226021AA007C043C /* Signika */,
				30723078223AFBF000D0BD7D /* Controllers */,
				30FE711A2231B8E60017550D /* Info.plist */,
				307C58C7223AE693004BE957 /* GoogleService-Info.plist */,
				30A84DA1222DFFF900FE0E55 /* AppDelegate.swift */,
				30A84DA5222DFFF900FE0E55 /* Main.storyboard */,
				30A84DAB222DFFFB00FE0E55 /* Assets.xcassets */,
				30A84DAD222DFFFB00FE0E55 /* LaunchScreen.storyboard */,
				30125CB6224460DF00D04FBF /* style.json */,
			);
			path = AppOne;
			sourceTree = "<group>";
		};
		398F09728CF966A095C2067D /* Pods */ = {
			isa = PBXGroup;
			children = (
				8AD49A0A97A976AA2B2F961E /* Pods-AppOne.debug.xcconfig */,
				89D0CDFA1A96AAF95D20D0E9 /* Pods-AppOne.release.xcconfig */,
			);
			path = Pods;
			sourceTree = "<group>";
		};
		6F17DC969453E2151C1C5C33 /* Frameworks */ = {
			isa = PBXGroup;
			children = (
				ED23EECAB8A0081F50B63AE5 /* Pods_AppOne.framework */,
			);
			name = Frameworks;
			sourceTree = "<group>";
		};
/* End PBXGroup section */

/* Begin PBXNativeTarget section */
		30A84D9D222DFFF900FE0E55 /* AppOne */ = {
			isa = PBXNativeTarget;
			buildConfigurationList = 30A84DB3222DFFFB00FE0E55 /* Build configuration list for PBXNativeTarget "AppOne" */;
			buildPhases = (
				FDFED09BB4A38A6358959807 /* [CP] Check Pods Manifest.lock */,
				30A84D9A222DFFF900FE0E55 /* Sources */,
				30A84D9B222DFFF900FE0E55 /* Frameworks */,
				30A84D9C222DFFF900FE0E55 /* Resources */,
				E785477907BEAFBE6E255ACB /* [CP] Embed Pods Frameworks */,
				841D252BEB526645712CD581 /* [CP] Copy Pods Resources */,
			);
			buildRules = (
			);
			dependencies = (
			);
			name = AppOne;
			productName = AppOne;
			productReference = 30A84D9E222DFFF900FE0E55 /* AppOne.app */;
			productType = "com.apple.product-type.application";
		};
/* End PBXNativeTarget section */

/* Begin PBXProject section */
		30A84D96222DFFF900FE0E55 /* Project object */ = {
			isa = PBXProject;
			attributes = {
				LastSwiftUpdateCheck = 1010;
				LastUpgradeCheck = 1010;
				ORGANIZATIONNAME = "David&Austin";
				TargetAttributes = {
					30A84D9D222DFFF900FE0E55 = {
						CreatedOnToolsVersion = 10.1;
					};
				};
			};
			buildConfigurationList = 30A84D99222DFFF900FE0E55 /* Build configuration list for PBXProject "AppOne" */;
			compatibilityVersion = "Xcode 9.3";
			developmentRegion = en;
			hasScannedForEncodings = 0;
			knownRegions = (
				en,
				Base,
			);
			mainGroup = 30A84D95222DFFF900FE0E55;
			productRefGroup = 30A84D9F222DFFF900FE0E55 /* Products */;
			projectDirPath = "";
			projectRoot = "";
			targets = (
				30A84D9D222DFFF900FE0E55 /* AppOne */,
			);
		};
/* End PBXProject section */

/* Begin PBXResourcesBuildPhase section */
		30A84D9C222DFFF900FE0E55 /* Resources */ = {
			isa = PBXResourcesBuildPhase;
			buildActionMask = 2147483647;
			files = (
				308E004D226021AA007C043C /* Signika-Bold.ttf in Resources */,
				30A84DAF222DFFFB00FE0E55 /* LaunchScreen.storyboard in Resources */,
				308E004B226021AA007C043C /* OFL.txt in Resources */,
				307C58C8223AE693004BE957 /* GoogleService-Info.plist in Resources */,
				308E0046226021AA007C043C /* Signika-Light.ttf in Resources */,
				308E004E226021AA007C043C /* SignikaNegative-Light.ttf in Resources */,
				30A84DAC222DFFFB00FE0E55 /* Assets.xcassets in Resources */,
				308E0048226021AA007C043C /* Signika-Regular.ttf in Resources */,
				308E0049226021AA007C043C /* SignikaNegative-Semibold.ttf in Resources */,
				308E0047226021AA007C043C /* SignikaNegative-Bold.ttf in Resources */,
				30125CB7224460DF00D04FBF /* style.json in Resources */,
				308E004A226021AA007C043C /* Signika-Semibold.ttf in Resources */,
				30A84DA7222DFFF900FE0E55 /* Main.storyboard in Resources */,
				308E004C226021AA007C043C /* SignikaNegative-Regular.ttf in Resources */,
			);
			runOnlyForDeploymentPostprocessing = 0;
		};
/* End PBXResourcesBuildPhase section */

/* Begin PBXShellScriptBuildPhase section */
		841D252BEB526645712CD581 /* [CP] Copy Pods Resources */ = {
			isa = PBXShellScriptBuildPhase;
			buildActionMask = 2147483647;
			files = (
			);
			inputFileListPaths = (
			);
			inputPaths = (
				"${PODS_ROOT}/Target Support Files/Pods-AppOne/Pods-AppOne-resources.sh",
				"${PODS_ROOT}/GoogleMaps/Maps/Frameworks/GoogleMaps.framework/Resources/GoogleMaps.bundle",
				"${PODS_ROOT}/GooglePlaces/Frameworks/GooglePlaces.framework/Resources/GooglePlaces.bundle",
			);
			name = "[CP] Copy Pods Resources";
			outputFileListPaths = (
			);
			outputPaths = (
				"${TARGET_BUILD_DIR}/${UNLOCALIZED_RESOURCES_FOLDER_PATH}/GoogleMaps.bundle",
				"${TARGET_BUILD_DIR}/${UNLOCALIZED_RESOURCES_FOLDER_PATH}/GooglePlaces.bundle",
			);
			runOnlyForDeploymentPostprocessing = 0;
			shellPath = /bin/sh;
			shellScript = "\"${PODS_ROOT}/Target Support Files/Pods-AppOne/Pods-AppOne-resources.sh\"\n";
			showEnvVarsInLog = 0;
		};
		E785477907BEAFBE6E255ACB /* [CP] Embed Pods Frameworks */ = {
			isa = PBXShellScriptBuildPhase;
			buildActionMask = 2147483647;
			files = (
			);
			inputFileListPaths = (
			);
			inputPaths = (
				"${PODS_ROOT}/Target Support Files/Pods-AppOne/Pods-AppOne-frameworks.sh",
				"${BUILT_PRODUCTS_DIR}/GTMSessionFetcher/GTMSessionFetcher.framework",
				"${BUILT_PRODUCTS_DIR}/GoogleUtilities/GoogleUtilities.framework",
				"${BUILT_PRODUCTS_DIR}/PINCache/PINCache.framework",
				"${BUILT_PRODUCTS_DIR}/PINOperation/PINOperation.framework",
				"${PODS_ROOT}/SnapSDK/SCSDKBitmojiKit.framework",
				"${PODS_ROOT}/SnapSDK/SCSDKCoreKit.framework",
				"${PODS_ROOT}/SnapSDK/SCSDKCreativeKit.framework",
				"${PODS_ROOT}/SnapSDK/SCSDKLoginKit.framework",
				"${BUILT_PRODUCTS_DIR}/leveldb-library/leveldb.framework",
				"${BUILT_PRODUCTS_DIR}/nanopb/nanopb.framework",
			);
			name = "[CP] Embed Pods Frameworks";
			outputFileListPaths = (
			);
			outputPaths = (
				"${TARGET_BUILD_DIR}/${FRAMEWORKS_FOLDER_PATH}/GTMSessionFetcher.framework",
				"${TARGET_BUILD_DIR}/${FRAMEWORKS_FOLDER_PATH}/GoogleUtilities.framework",
				"${TARGET_BUILD_DIR}/${FRAMEWORKS_FOLDER_PATH}/PINCache.framework",
				"${TARGET_BUILD_DIR}/${FRAMEWORKS_FOLDER_PATH}/PINOperation.framework",
				"${TARGET_BUILD_DIR}/${FRAMEWORKS_FOLDER_PATH}/SCSDKBitmojiKit.framework",
				"${TARGET_BUILD_DIR}/${FRAMEWORKS_FOLDER_PATH}/SCSDKCoreKit.framework",
				"${TARGET_BUILD_DIR}/${FRAMEWORKS_FOLDER_PATH}/SCSDKCreativeKit.framework",
				"${TARGET_BUILD_DIR}/${FRAMEWORKS_FOLDER_PATH}/SCSDKLoginKit.framework",
				"${TARGET_BUILD_DIR}/${FRAMEWORKS_FOLDER_PATH}/leveldb.framework",
				"${TARGET_BUILD_DIR}/${FRAMEWORKS_FOLDER_PATH}/nanopb.framework",
			);
			runOnlyForDeploymentPostprocessing = 0;
			shellPath = /bin/sh;
			shellScript = "\"${PODS_ROOT}/Target Support Files/Pods-AppOne/Pods-AppOne-frameworks.sh\"\n";
			showEnvVarsInLog = 0;
		};
		FDFED09BB4A38A6358959807 /* [CP] Check Pods Manifest.lock */ = {
			isa = PBXShellScriptBuildPhase;
			buildActionMask = 2147483647;
			files = (
			);
			inputFileListPaths = (
			);
			inputPaths = (
				"${PODS_PODFILE_DIR_PATH}/Podfile.lock",
				"${PODS_ROOT}/Manifest.lock",
			);
			name = "[CP] Check Pods Manifest.lock";
			outputFileListPaths = (
			);
			outputPaths = (
				"$(DERIVED_FILE_DIR)/Pods-AppOne-checkManifestLockResult.txt",
			);
			runOnlyForDeploymentPostprocessing = 0;
			shellPath = /bin/sh;
			shellScript = "diff \"${PODS_PODFILE_DIR_PATH}/Podfile.lock\" \"${PODS_ROOT}/Manifest.lock\" > /dev/null\nif [ $? != 0 ] ; then\n    # print error to STDERR\n    echo \"error: The sandbox is not in sync with the Podfile.lock. Run 'pod install' or update your CocoaPods installation.\" >&2\n    exit 1\nfi\n# This output is used by Xcode 'outputs' to avoid re-running this script phase.\necho \"SUCCESS\" > \"${SCRIPT_OUTPUT_FILE_0}\"\n";
			showEnvVarsInLog = 0;
		};
/* End PBXShellScriptBuildPhase section */

/* Begin PBXSourcesBuildPhase section */
		30A84D9A222DFFF900FE0E55 /* Sources */ = {
			isa = PBXSourcesBuildPhase;
			buildActionMask = 2147483647;
			files = (
				30A84DA4222DFFF900FE0E55 /* ViewController.swift in Sources */,
				3065ABEA22485F8A0034BE03 /* DateController.swift in Sources */,
				3065ABEC2248637A0034BE03 /* NewPartyDetailsController.swift in Sources */,
				30D81075225A70A00072B9E7 /* UserSettingsController.swift in Sources */,
				303F6C70222E21F80072BB47 /* AfterLogin.swift in Sources */,
				30125CB9224468B900D04FBF /* CreatePartyController.swift in Sources */,
				302F8A442240123C00DEB42B /* Map.swift in Sources */,
				30A84DA2222DFFF900FE0E55 /* AppDelegate.swift in Sources */,
			);
			runOnlyForDeploymentPostprocessing = 0;
		};
/* End PBXSourcesBuildPhase section */

/* Begin PBXVariantGroup section */
		30A84DA5222DFFF900FE0E55 /* Main.storyboard */ = {
			isa = PBXVariantGroup;
			children = (
				30A84DA6222DFFF900FE0E55 /* Base */,
			);
			name = Main.storyboard;
			sourceTree = "<group>";
		};
		30A84DAD222DFFFB00FE0E55 /* LaunchScreen.storyboard */ = {
			isa = PBXVariantGroup;
			children = (
				30A84DAE222DFFFB00FE0E55 /* Base */,
			);
			name = LaunchScreen.storyboard;
			sourceTree = "<group>";
		};
/* End PBXVariantGroup section */

/* Begin XCBuildConfiguration section */
		30A84DB1222DFFFB00FE0E55 /* Debug */ = {
			isa = XCBuildConfiguration;
			buildSettings = {
				ALWAYS_SEARCH_USER_PATHS = NO;
				CLANG_ANALYZER_NONNULL = YES;
				CLANG_ANALYZER_NUMBER_OBJECT_CONVERSION = YES_AGGRESSIVE;
				CLANG_CXX_LANGUAGE_STANDARD = "gnu++14";
				CLANG_CXX_LIBRARY = "libc++";
				CLANG_ENABLE_MODULES = YES;
				CLANG_ENABLE_OBJC_ARC = YES;
				CLANG_ENABLE_OBJC_WEAK = YES;
				CLANG_WARN_BLOCK_CAPTURE_AUTORELEASING = YES;
				CLANG_WARN_BOOL_CONVERSION = YES;
				CLANG_WARN_COMMA = YES;
				CLANG_WARN_CONSTANT_CONVERSION = YES;
				CLANG_WARN_DEPRECATED_OBJC_IMPLEMENTATIONS = YES;
				CLANG_WARN_DIRECT_OBJC_ISA_USAGE = YES_ERROR;
				CLANG_WARN_DOCUMENTATION_COMMENTS = YES;
				CLANG_WARN_EMPTY_BODY = YES;
				CLANG_WARN_ENUM_CONVERSION = YES;
				CLANG_WARN_INFINITE_RECURSION = YES;
				CLANG_WARN_INT_CONVERSION = YES;
				CLANG_WARN_NON_LITERAL_NULL_CONVERSION = YES;
				CLANG_WARN_OBJC_IMPLICIT_RETAIN_SELF = YES;
				CLANG_WARN_OBJC_LITERAL_CONVERSION = YES;
				CLANG_WARN_OBJC_ROOT_CLASS = YES_ERROR;
				CLANG_WARN_RANGE_LOOP_ANALYSIS = YES;
				CLANG_WARN_STRICT_PROTOTYPES = YES;
				CLANG_WARN_SUSPICIOUS_MOVE = YES;
				CLANG_WARN_UNGUARDED_AVAILABILITY = YES_AGGRESSIVE;
				CLANG_WARN_UNREACHABLE_CODE = YES;
				CLANG_WARN__DUPLICATE_METHOD_MATCH = YES;
				CODE_SIGN_IDENTITY = "iPhone Developer";
				COPY_PHASE_STRIP = NO;
				DEBUG_INFORMATION_FORMAT = dwarf;
				ENABLE_STRICT_OBJC_MSGSEND = YES;
				ENABLE_TESTABILITY = YES;
				GCC_C_LANGUAGE_STANDARD = gnu11;
				GCC_DYNAMIC_NO_PIC = NO;
				GCC_NO_COMMON_BLOCKS = YES;
				GCC_OPTIMIZATION_LEVEL = 0;
				GCC_PREPROCESSOR_DEFINITIONS = (
					"DEBUG=1",
					"$(inherited)",
				);
				GCC_WARN_64_TO_32_BIT_CONVERSION = YES;
				GCC_WARN_ABOUT_RETURN_TYPE = YES_ERROR;
				GCC_WARN_UNDECLARED_SELECTOR = YES;
				GCC_WARN_UNINITIALIZED_AUTOS = YES_AGGRESSIVE;
				GCC_WARN_UNUSED_FUNCTION = YES;
				GCC_WARN_UNUSED_VARIABLE = YES;
				IPHONEOS_DEPLOYMENT_TARGET = 12.1;
				MTL_ENABLE_DEBUG_INFO = INCLUDE_SOURCE;
				MTL_FAST_MATH = YES;
				ONLY_ACTIVE_ARCH = YES;
				SDKROOT = iphoneos;
				SWIFT_ACTIVE_COMPILATION_CONDITIONS = DEBUG;
				SWIFT_OPTIMIZATION_LEVEL = "-Onone";
			};
			name = Debug;
		};
		30A84DB2222DFFFB00FE0E55 /* Release */ = {
			isa = XCBuildConfiguration;
			buildSettings = {
				ALWAYS_SEARCH_USER_PATHS = NO;
				CLANG_ANALYZER_NONNULL = YES;
				CLANG_ANALYZER_NUMBER_OBJECT_CONVERSION = YES_AGGRESSIVE;
				CLANG_CXX_LANGUAGE_STANDARD = "gnu++14";
				CLANG_CXX_LIBRARY = "libc++";
				CLANG_ENABLE_MODULES = YES;
				CLANG_ENABLE_OBJC_ARC = YES;
				CLANG_ENABLE_OBJC_WEAK = YES;
				CLANG_WARN_BLOCK_CAPTURE_AUTORELEASING = YES;
				CLANG_WARN_BOOL_CONVERSION = YES;
				CLANG_WARN_COMMA = YES;
				CLANG_WARN_CONSTANT_CONVERSION = YES;
				CLANG_WARN_DEPRECATED_OBJC_IMPLEMENTATIONS = YES;
				CLANG_WARN_DIRECT_OBJC_ISA_USAGE = YES_ERROR;
				CLANG_WARN_DOCUMENTATION_COMMENTS = YES;
				CLANG_WARN_EMPTY_BODY = YES;
				CLANG_WARN_ENUM_CONVERSION = YES;
				CLANG_WARN_INFINITE_RECURSION = YES;
				CLANG_WARN_INT_CONVERSION = YES;
				CLANG_WARN_NON_LITERAL_NULL_CONVERSION = YES;
				CLANG_WARN_OBJC_IMPLICIT_RETAIN_SELF = YES;
				CLANG_WARN_OBJC_LITERAL_CONVERSION = YES;
				CLANG_WARN_OBJC_ROOT_CLASS = YES_ERROR;
				CLANG_WARN_RANGE_LOOP_ANALYSIS = YES;
				CLANG_WARN_STRICT_PROTOTYPES = YES;
				CLANG_WARN_SUSPICIOUS_MOVE = YES;
				CLANG_WARN_UNGUARDED_AVAILABILITY = YES_AGGRESSIVE;
				CLANG_WARN_UNREACHABLE_CODE = YES;
				CLANG_WARN__DUPLICATE_METHOD_MATCH = YES;
				CODE_SIGN_IDENTITY = "iPhone Developer";
				COPY_PHASE_STRIP = NO;
				DEBUG_INFORMATION_FORMAT = "dwarf-with-dsym";
				ENABLE_NS_ASSERTIONS = NO;
				ENABLE_STRICT_OBJC_MSGSEND = YES;
				GCC_C_LANGUAGE_STANDARD = gnu11;
				GCC_NO_COMMON_BLOCKS = YES;
				GCC_WARN_64_TO_32_BIT_CONVERSION = YES;
				GCC_WARN_ABOUT_RETURN_TYPE = YES_ERROR;
				GCC_WARN_UNDECLARED_SELECTOR = YES;
				GCC_WARN_UNINITIALIZED_AUTOS = YES_AGGRESSIVE;
				GCC_WARN_UNUSED_FUNCTION = YES;
				GCC_WARN_UNUSED_VARIABLE = YES;
				IPHONEOS_DEPLOYMENT_TARGET = 12.1;
				MTL_ENABLE_DEBUG_INFO = NO;
				MTL_FAST_MATH = YES;
				SDKROOT = iphoneos;
				SWIFT_COMPILATION_MODE = wholemodule;
				SWIFT_OPTIMIZATION_LEVEL = "-O";
				VALIDATE_PRODUCT = YES;
			};
			name = Release;
		};
		30A84DB4222DFFFB00FE0E55 /* Debug */ = {
			isa = XCBuildConfiguration;
			baseConfigurationReference = 8AD49A0A97A976AA2B2F961E /* Pods-AppOne.debug.xcconfig */;
			buildSettings = {
				ASSETCATALOG_COMPILER_APPICON_NAME = AppIcon;
				CODE_SIGN_STYLE = Automatic;
				DEVELOPMENT_TEAM = G2232QB4F2;
				FRAMEWORK_SEARCH_PATHS = (
					"$(inherited)",
					"$(PROJECT_DIR)/Pods/SnapSDK",
				);
				INFOPLIST_FILE = AppOne/Info.plist;
				IPHONEOS_DEPLOYMENT_TARGET = 10.0;
				LD_RUNPATH_SEARCH_PATHS = (
					"$(inherited)",
					"@executable_path/Frameworks",
				);
				PRODUCT_BUNDLE_IDENTIFIER = com.FlubRHerbyParty.AppOne;
				PRODUCT_NAME = "$(TARGET_NAME)";
				SWIFT_VERSION = 4.2;
				TARGETED_DEVICE_FAMILY = 1;
			};
			name = Debug;
		};
		30A84DB5222DFFFB00FE0E55 /* Release */ = {
			isa = XCBuildConfiguration;
			baseConfigurationReference = 89D0CDFA1A96AAF95D20D0E9 /* Pods-AppOne.release.xcconfig */;
			buildSettings = {
				ASSETCATALOG_COMPILER_APPICON_NAME = AppIcon;
				CODE_SIGN_STYLE = Automatic;
				DEVELOPMENT_TEAM = G2232QB4F2;
				FRAMEWORK_SEARCH_PATHS = (
					"$(inherited)",
					"$(PROJECT_DIR)/Pods/SnapSDK",
				);
				INFOPLIST_FILE = AppOne/Info.plist;
				IPHONEOS_DEPLOYMENT_TARGET = 10.0;
				LD_RUNPATH_SEARCH_PATHS = (
					"$(inherited)",
					"@executable_path/Frameworks",
				);
				PRODUCT_BUNDLE_IDENTIFIER = com.FlubRHerbyParty.AppOne;
				PRODUCT_NAME = "$(TARGET_NAME)";
				SWIFT_VERSION = 4.2;
				TARGETED_DEVICE_FAMILY = 1;
			};
			name = Release;
		};
/* End XCBuildConfiguration section */

/* Begin XCConfigurationList section */
		30A84D99222DFFF900FE0E55 /* Build configuration list for PBXProject "AppOne" */ = {
			isa = XCConfigurationList;
			buildConfigurations = (
				30A84DB1222DFFFB00FE0E55 /* Debug */,
				30A84DB2222DFFFB00FE0E55 /* Release */,
			);
			defaultConfigurationIsVisible = 0;
			defaultConfigurationName = Release;
		};
		30A84DB3222DFFFB00FE0E55 /* Build configuration list for PBXNativeTarget "AppOne" */ = {
			isa = XCConfigurationList;
			buildConfigurations = (
				30A84DB4222DFFFB00FE0E55 /* Debug */,
				30A84DB5222DFFFB00FE0E55 /* Release */,
			);
			defaultConfigurationIsVisible = 0;
			defaultConfigurationName = Release;
		};
/* End XCConfigurationList section */
	};
	rootObject = 30A84D96222DFFF900FE0E55 /* Project object */;
}
